
Microsoft Visual Studio Solution File, Format Version 12.00
# Visual Studio Version 17
VisualStudioVersion = 17.4.33403.182
MinimumVisualStudioVersion = 10.0.40219.1
Project("{FAE04EC0-301F-11D3-BF4B-00C04F79EFBC}") = "WebApi", "Web Api\WebApi.csproj", "{93EF6103-C04A-47D7-987B-8F8A9B07E6D3}"
EndProject
Project("{FAE04EC0-301F-11D3-BF4B-00C04F79EFBC}") = "Application", "Application\Application.csproj", "{4230B4F6-9F6A-4E73-A88D-D25FFB1E20CD}"
EndProject
Project("{FAE04EC0-301F-11D3-BF4B-00C04F79EFBC}") = "Context", "Context\Context.csproj", "{EE915D39-B4EC-4404-ADA3-E31CDF247CD9}"
EndProject
Project("{FAE04EC0-301F-11D3-BF4B-00C04F79EFBC}") = "Domain", "Domain\Domain.csproj", "{4FFB90BF-7702-4A7A-93F2-485779BFB118}"
EndProject
Project("{FAE04EC0-301F-11D3-BF4B-00C04F79EFBC}") = "DTO", "DTO\DTO.csproj", "{6C46E3D2-1F54-4AF7-A787-AF8A5581D07B}"
EndProject
Project("{FAE04EC0-301F-11D3-BF4B-00C04F79EFBC}") = "Infrastructure", "Infrastructure\Infrastructure.csproj", "{8B3A24B2-8EDB-4FEE-90EC-C7B4029E7535}"
EndProject
Global
	GlobalSection(SolutionConfigurationPlatforms) = preSolution
		Debug|Any CPU = Debug|Any CPU
		Release|Any CPU = Release|Any CPU
	EndGlobalSection
	GlobalSection(ProjectConfigurationPlatforms) = postSolution
		{93EF6103-C04A-47D7-987B-8F8A9B07E6D3}.Debug|Any CPU.ActiveCfg = Debug|Any CPU
		{93EF6103-C04A-47D7-987B-8F8A9B07E6D3}.Debug|Any CPU.Build.0 = Debug|Any CPU
		{93EF6103-C04A-47D7-987B-8F8A9B07E6D3}.Release|Any CPU.ActiveCfg = Release|Any CPU
		{93EF6103-C04A-47D7-987B-8F8A9B07E6D3}.Release|Any CPU.Build.0 = Release|Any CPU
		{4230B4F6-9F6A-4E73-A88D-D25FFB1E20CD}.Debug|Any CPU.ActiveCfg = Debug|Any CPU
		{4230B4F6-9F6A-4E73-A88D-D25FFB1E20CD}.Debug|Any CPU.Build.0 = Debug|Any CPU
		{4230B4F6-9F6A-4E73-A88D-D25FFB1E20CD}.Release|Any CPU.ActiveCfg = Release|Any CPU
		{4230B4F6-9F6A-4E73-A88D-D25FFB1E20CD}.Release|Any CPU.Build.0 = Release|Any CPU
		{EE915D39-B4EC-4404-ADA3-E31CDF247CD9}.Debug|Any CPU.ActiveCfg = Debug|Any CPU
		{EE915D39-B4EC-4404-ADA3-E31CDF247CD9}.Debug|Any CPU.Build.0 = Debug|Any CPU
		{EE915D39-B4EC-4404-ADA3-E31CDF247CD9}.Release|Any CPU.ActiveCfg = Release|Any CPU
		{EE915D39-B4EC-4404-ADA3-E31CDF247CD9}.Release|Any CPU.Build.0 = Release|Any CPU
		{4FFB90BF-7702-4A7A-93F2-485779BFB118}.Debug|Any CPU.ActiveCfg = Debug|Any CPU
		{4FFB90BF-7702-4A7A-93F2-485779BFB118}.Debug|Any CPU.Build.0 = Debug|Any CPU
		{4FFB90BF-7702-4A7A-93F2-485779BFB118}.Release|Any CPU.ActiveCfg = Release|Any CPU
		{4FFB90BF-7702-4A7A-93F2-485779BFB118}.Release|Any CPU.Build.0 = Release|Any CPU
		{6C46E3D2-1F54-4AF7-A787-AF8A5581D07B}.Debug|Any CPU.ActiveCfg = Debug|Any CPU
		{6C46E3D2-1F54-4AF7-A787-AF8A5581D07B}.Debug|Any CPU.Build.0 = Debug|Any CPU
		{6C46E3D2-1F54-4AF7-A787-AF8A5581D07B}.Release|Any CPU.ActiveCfg = Release|Any CPU
		{6C46E3D2-1F54-4AF7-A787-AF8A5581D07B}.Release|Any CPU.Build.0 = Release|Any CPU
		{8B3A24B2-8EDB-4FEE-90EC-C7B4029E7535}.Debug|Any CPU.ActiveCfg = Debug|Any CPU
		{8B3A24B2-8EDB-4FEE-90EC-C7B4029E7535}.Debug|Any CPU.Build.0 = Debug|Any CPU
		{8B3A24B2-8EDB-4FEE-90EC-C7B4029E7535}.Release|Any CPU.ActiveCfg = Release|Any CPU
		{8B3A24B2-8EDB-4FEE-90EC-C7B4029E7535}.Release|Any CPU.Build.0 = Release|Any CPU
	EndGlobalSection
	GlobalSection(SolutionProperties) = preSolution
		HideSolutionNode = FALSE
	EndGlobalSection
	GlobalSection(ExtensibilityGlobals) = postSolution
		SolutionGuid = {B785BF66-AE5F-43EE-99EB-44DC1CF2E06B}
	EndGlobalSection
EndGlobal
